
Microsoft Visual Studio Solution File, Format Version 12.00
# Visual Studio Version 16
VisualStudioVersion = 16.0.31402.337
MinimumVisualStudioVersion = 10.0.40219.1
Project("{FAE04EC0-301F-11D3-BF4B-00C04F79EFBC}") = "Fantacalcio", "Fantacalcio.csproj", "{C7B99746-4AD0-4F20-9848-5F9718E32827}"
EndProject
Global
	GlobalSection(SolutionConfigurationPlatforms) = preSolution
		Debug|Any CPU = Debug|Any CPU
		Release|Any CPU = Release|Any CPU
	EndGlobalSection
	GlobalSection(ProjectConfigurationPlatforms) = postSolution
		{C7B99746-4AD0-4F20-9848-5F9718E32827}.Debug|Any CPU.ActiveCfg = Debug|Any CPU
		{C7B99746-4AD0-4F20-9848-5F9718E32827}.Debug|Any CPU.Build.0 = Debug|Any CPU
		{C7B99746-4AD0-4F20-9848-5F9718E32827}.Release|Any CPU.ActiveCfg = Release|Any CPU
		{C7B99746-4AD0-4F20-9848-5F9718E32827}.Release|Any CPU.Build.0 = Release|Any CPU
	EndGlobalSection
	GlobalSection(SolutionProperties) = preSolution
		HideSolutionNode = FALSE
	EndGlobalSection
	GlobalSection(ExtensibilityGlobals) = postSolution
		SolutionGuid = {8EDB03A1-F0D5-4D25-907D-34F87A4B0C8E}
	EndGlobalSection
EndGlobal
